// !$*UTF8*$!
{
	archiveVersion = 1;
	classes = {
	};
	objectVersion = 46;
	objects = {

/* Begin PBXBuildFile section */
		DD0140211F4D1B5B00D2A11E /* AppDelegate.swift in Sources */ = {isa = PBXBuildFile; fileRef = DD0140201F4D1B5B00D2A11E /* AppDelegate.swift */; };
		DD0140231F4D1B5B00D2A11E /* ViewController.swift in Sources */ = {isa = PBXBuildFile; fileRef = DD0140221F4D1B5B00D2A11E /* ViewController.swift */; };
		DD0140261F4D1B5B00D2A11E /* Main.storyboard in Resources */ = {isa = PBXBuildFile; fileRef = DD0140241F4D1B5B00D2A11E /* Main.storyboard */; };
		DD0140281F4D1B5B00D2A11E /* Assets.xcassets in Resources */ = {isa = PBXBuildFile; fileRef = DD0140271F4D1B5B00D2A11E /* Assets.xcassets */; };
		DD01402B1F4D1B5B00D2A11E /* LaunchScreen.storyboard in Resources */ = {isa = PBXBuildFile; fileRef = DD0140291F4D1B5B00D2A11E /* LaunchScreen.storyboard */; };
		DD0140331F4D1C3F00D2A11E /* JXAuthorityManagement.swift in Sources */ = {isa = PBXBuildFile; fileRef = DD0140321F4D1C3F00D2A11E /* JXAuthorityManagement.swift */; };
/* End PBXBuildFile section */

/* Begin PBXFileReference section */
		DD01401D1F4D1B5B00D2A11E /* RuntimeAOP.app */ = {isa = PBXFileReference; explicitFileType = wrapper.application; includeInIndex = 0; path = RuntimeAOP.app; sourceTree = BUILT_PRODUCTS_DIR; };
		DD0140201F4D1B5B00D2A11E /* AppDelegate.swift */ = {isa = PBXFileReference; lastKnownFileType = sourcecode.swift; path = AppDelegate.swift; sourceTree = "<group>"; };
		DD0140221F4D1B5B00D2A11E /* ViewController.swift */ = {isa = PBXFileReference; lastKnownFileType = sourcecode.swift; path = ViewController.swift; sourceTree = "<group>"; };
		DD0140251F4D1B5B00D2A11E /* Base */ = {isa = PBXFileReference; lastKnownFileType = file.storyboard; name = Base; path = Base.lproj/Main.storyboard; sourceTree = "<group>"; };
		DD0140271F4D1B5B00D2A11E /* Assets.xcassets */ = {isa = PBXFileReference; lastKnownFileType = folder.assetcatalog; path = Assets.xcassets; sourceTree = "<group>"; };
		DD01402A1F4D1B5B00D2A11E /* Base */ = {isa = PBXFileReference; lastKnownFileType = file.storyboard; name = Base; path = Base.lproj/LaunchScreen.storyboard; sourceTree = "<group>"; };
		DD01402C1F4D1B5B00D2A11E /* Info.plist */ = {isa = PBXFileReference; lastKnownFileType = text.plist.xml; path = Info.plist; sourceTree = "<group>"; };
		DD0140321F4D1C3F00D2A11E /* JXAuthorityManagement.swift */ = {isa = PBXFileReference; fileEncoding = 4; lastKnownFileType = sourcecode.swift; path = JXAuthorityManagement.swift; sourceTree = "<group>"; };
/* End PBXFileReference section */

/* Begin PBXFrameworksBuildPhase section */
		DD01401A1F4D1B5B00D2A11E /* Frameworks */ = {
			isa = PBXFrameworksBuildPhase;
			buildActionMask = 2147483647;
			files = (
			);
			runOnlyForDeploymentPostprocessing = 0;
		};
/* End PBXFrameworksBuildPhase section */

/* Begin PBXGroup section */
		DD0140141F4D1B5B00D2A11E = {
			isa = PBXGroup;
			children = (
				DD01401F1F4D1B5B00D2A11E /* RuntimeAOP */,
				DD01401E1F4D1B5B00D2A11E /* Products */,
			);
			sourceTree = "<group>";
		};
		DD01401E1F4D1B5B00D2A11E /* Products */ = {
			isa = PBXGroup;
			children = (
				DD01401D1F4D1B5B00D2A11E /* RuntimeAOP.app */,
			);
			name = Products;
			sourceTree = "<group>";
		};
		DD01401F1F4D1B5B00D2A11E /* RuntimeAOP */ = {
			isa = PBXGroup;
			children = (
				DD0140201F4D1B5B00D2A11E /* AppDelegate.swift */,
				DD0140221F4D1B5B00D2A11E /* ViewController.swift */,
				DD0140241F4D1B5B00D2A11E /* Main.storyboard */,
				DD0140271F4D1B5B00D2A11E /* Assets.xcassets */,
				DD0140291F4D1B5B00D2A11E /* LaunchScreen.storyboard */,
				DD01402C1F4D1B5B00D2A11E /* Info.plist */,
				DD0140321F4D1C3F00D2A11E /* JXAuthorityManagement.swift */,
			);
			path = RuntimeAOP;
			sourceTree = "<group>";
		};
/* End PBXGroup section */

/* Begin PBXNativeTarget section */
		DD01401C1F4D1B5B00D2A11E /* RuntimeAOP */ = {
			isa = PBXNativeTarget;
			buildConfigurationList = DD01402F1F4D1B5B00D2A11E /* Build configuration list for PBXNativeTarget "RuntimeAOP" */;
			buildPhases = (
				DD0140191F4D1B5B00D2A11E /* Sources */,
				DD01401A1F4D1B5B00D2A11E /* Frameworks */,
				DD01401B1F4D1B5B00D2A11E /* Resources */,
			);
			buildRules = (
			);
			dependencies = (
			);
			name = RuntimeAOP;
			productName = RuntimeAOP;
			productReference = DD01401D1F4D1B5B00D2A11E /* RuntimeAOP.app */;
			productType = "com.apple.product-type.application";
		};
/* End PBXNativeTarget section */

/* Begin PBXProject section */
		DD0140151F4D1B5B00D2A11E /* Project object */ = {
			isa = PBXProject;
			attributes = {
				LastSwiftUpdateCheck = 0830;
				LastUpgradeCheck = 0830;
				ORGANIZATIONNAME = JarvanZhang;
				TargetAttributes = {
					DD01401C1F4D1B5B00D2A11E = {
						CreatedOnToolsVersion = 8.3.3;
						DevelopmentTeam = GTRH44MEP9;
						ProvisioningStyle = Automatic;
					};
				};
			};
			buildConfigurationList = DD0140181F4D1B5B00D2A11E /* Build configuration list for PBXProject "RuntimeAOP" */;
			compatibilityVersion = "Xcode 3.2";
			developmentRegion = English;
			hasScannedForEncodings = 0;
			knownRegions = (
				en,
				Base,
			);
			mainGroup = DD0140141F4D1B5B00D2A11E;
			productRefGroup = DD01401E1F4D1B5B00D2A11E /* Products */;
			projectDirPath = "";
			projectRoot = "";
			targets = (
				DD01401C1F4D1B5B00D2A11E /* RuntimeAOP */,
			);
		};
/* End PBXProject section */

/* Begin PBXResourcesBuildPhase section */
		DD01401B1F4D1B5B00D2A11E /* Resources */ = {
			isa = PBXResourcesBuildPhase;
			buildActionMask = 2147483647;
			files = (
				DD01402B1F4D1B5B00D2A11E /* LaunchScreen.storyboard in Resources */,
				DD0140281F4D1B5B00D2A11E /* Assets.xcassets in Resources */,
				DD0140261F4D1B5B00D2A11E /* Main.storyboard in Resources */,
			);
			runOnlyForDeploymentPostprocessing = 0;
		};
/* End PBXResourcesBuildPhase section */

/* Begin PBXSourcesBuildPhase section */
		DD0140191F4D1B5B00D2A11E /* Sources */ = {
			isa = PBXSourcesBuildPhase;
			buildActionMask = 2147483647;
			files = (
				DD0140231F4D1B5B00D2A11E /* ViewController.swift in Sources */,
				DD0140211F4D1B5B00D2A11E /* AppDelegate.swift in Sources */,
				DD0140331F4D1C3F00D2A11E /* JXAuthorityManagement.swift in Sources */,
			);
			runOnlyForDeploymentPostprocessing = 0;
		};
/* End PBXSourcesBuildPhase section */

/* Begin PBXVariantGroup section */
		DD0140241F4D1B5B00D2A11E /* Main.storyboard */ = {
			isa = PBXVariantGroup;
			children = (
				DD0140251F4D1B5B00D2A11E /* Base */,
			);
			name = Main.storyboard;
			sourceTree = "<group>";
		};
		DD0140291F4D1B5B00D2A11E /* LaunchScreen.storyboard */ = {
			isa = PBXVariantGroup;
			children = (
				DD01402A1F4D1B5B00D2A11E /* Base */,
			);
			name = LaunchScreen.storyboard;
			sourceTree = "<group>";
		};
/* End PBXVariantGroup section */

/* Begin XCBuildConfiguration section */
		DD01402D1F4D1B5B00D2A11E /* Debug */ = {
			isa = XCBuildConfiguration;
			buildSettings = {
				ALWAYS_SEARCH_USER_PATHS = NO;
				CLANG_ANALYZER_NONNULL = YES;
				CLANG_ANALYZER_NUMBER_OBJECT_CONVERSION = YES_AGGRESSIVE;
				CLANG_CXX_LANGUAGE_STANDARD = "gnu++0x";
				CLANG_CXX_LIBRARY = "libc++";
				CLANG_ENABLE_MODULES = YES;
				CLANG_ENABLE_OBJC_ARC = YES;
				CLANG_WARN_BOOL_CONVERSION = YES;
				CLANG_WARN_CONSTANT_CONVERSION = YES;
				CLANG_WARN_DIRECT_OBJC_ISA_USAGE = YES_ERROR;
				CLANG_WARN_DOCUMENTATION_COMMENTS = YES;
				CLANG_WARN_EMPTY_BODY = YES;
				CLANG_WARN_ENUM_CONVERSION = YES;
				CLANG_WARN_INFINITE_RECURSION = YES;
				CLANG_WARN_INT_CONVERSION = YES;
				CLANG_WARN_OBJC_ROOT_CLASS = YES_ERROR;
				CLANG_WARN_SUSPICIOUS_MOVE = YES;
				CLANG_WARN_UNREACHABLE_CODE = YES;
				CLANG_WARN__DUPLICATE_METHOD_MATCH = YES;
				"CODE_SIGN_IDENTITY[sdk=iphoneos*]" = "iPhone Developer";
				COPY_PHASE_STRIP = NO;
				DEBUG_INFORMATION_FORMAT = dwarf;
				ENABLE_STRICT_OBJC_MSGSEND = YES;
				ENABLE_TESTABILITY = YES;
				GCC_C_LANGUAGE_STANDARD = gnu99;
				GCC_DYNAMIC_NO_PIC = NO;
				GCC_NO_COMMON_BLOCKS = YES;
				GCC_OPTIMIZATION_LEVEL = 0;
				GCC_PREPROCESSOR_DEFINITIONS = (
					"DEBUG=1",
					"$(inherited)",
				);
				GCC_WARN_64_TO_32_BIT_CONVERSION = YES;
				GCC_WARN_ABOUT_RETURN_TYPE = YES_ERROR;
				GCC_WARN_UNDECLARED_SELECTOR = YES;
				GCC_WARN_UNINITIALIZED_AUTOS = YES_AGGRESSIVE;
				GCC_WARN_UNUSED_FUNCTION = YES;
				GCC_WARN_UNUSED_VARIABLE = YES;
				IPHONEOS_DEPLOYMENT_TARGET = 10.3;
				MTL_ENABLE_DEBUG_INFO = YES;
				ONLY_ACTIVE_ARCH = YES;
				SDKROOT = iphoneos;
				SWIFT_ACTIVE_COMPILATION_CONDITIONS = DEBUG;
				SWIFT_OPTIMIZATION_LEVEL = "-Onone";
			};
			name = Debug;
		};
		DD01402E1F4D1B5B00D2A11E /* Release */ = {
			isa = XCBuildConfiguration;
			buildSettings = {
				ALWAYS_SEARCH_USER_PATHS = NO;
				CLANG_ANALYZER_NONNULL = YES;
				CLANG_ANALYZER_NUMBER_OBJECT_CONVERSION = YES_AGGRESSIVE;
				CLANG_CXX_LANGUAGE_STANDARD = "gnu++0x";
				CLANG_CXX_LIBRARY = "libc++";
				CLANG_ENABLE_MODULES = YES;
				CLANG_ENABLE_OBJC_ARC = YES;
				CLANG_WARN_BOOL_CONVERSION = YES;
				CLANG_WARN_CONSTANT_CONVERSION = YES;
				CLANG_WARN_DIRECT_OBJC_ISA_USAGE = YES_ERROR;
				CLANG_WARN_DOCUMENTATION_COMMENTS = YES;
				CLANG_WARN_EMPTY_BODY = YES;
				CLANG_WARN_ENUM_CONVERSION = YES;
				CLANG_WARN_INFINITE_RECURSION = YES;
				CLANG_WARN_INT_CONVERSION = YES;
				CLANG_WARN_OBJC_ROOT_CLASS = YES_ERROR;
				CLANG_WARN_SUSPICIOUS_MOVE = YES;
				CLANG_WARN_UNREACHABLE_CODE = YES;
				CLANG_WARN__DUPLICATE_METHOD_MATCH = YES;
				"CODE_SIGN_IDENTITY[sdk=iphoneos*]" = "iPhone Developer";
				COPY_PHASE_STRIP = NO;
				DEBUG_INFORMATION_FORMAT = "dwarf-with-dsym";
				ENABLE_NS_ASSERTIONS = NO;
				ENABLE_STRICT_OBJC_MSGSEND = YES;
				GCC_C_LANGUAGE_STANDARD = gnu99;
				GCC_NO_COMMON_BLOCKS = YES;
				GCC_WARN_64_TO_32_BIT_CONVERSION = YES;
				GCC_WARN_ABOUT_RETURN_TYPE = YES_ERROR;
				GCC_WARN_UNDECLARED_SELECTOR = YES;
				GCC_WARN_UNINITIALIZED_AUTOS = YES_AGGRESSIVE;
				GCC_WARN_UNUSED_FUNCTION = YES;
				GCC_WARN_UNUSED_VARIABLE = YES;
				IPHONEOS_DEPLOYMENT_TARGET = 10.3;
				MTL_ENABLE_DEBUG_INFO = NO;
				SDKROOT = iphoneos;
				SWIFT_OPTIMIZATION_LEVEL = "-Owholemodule";
				VALIDATE_PRODUCT = YES;
			};
			name = Release;
		};
		DD0140301F4D1B5B00D2A11E /* Debug */ = {
			isa = XCBuildConfiguration;
			buildSettings = {
				ASSETCATALOG_COMPILER_APPICON_NAME = AppIcon;
				DEVELOPMENT_TEAM = GTRH44MEP9;
				INFOPLIST_FILE = RuntimeAOP/Info.plist;
				LD_RUNPATH_SEARCH_PATHS = "$(inherited) @executable_path/Frameworks";
				PRODUCT_BUNDLE_IDENTIFIER = com.SmartCloud.RuntimeAOP;
				PRODUCT_NAME = "$(TARGET_NAME)";
				SWIFT_VERSION = 3.0;
			};
			name = Debug;
		};
		DD0140311F4D1B5B00D2A11E /* Release */ = {
			isa = XCBuildConfiguration;
			buildSettings = {
				ASSETCATALOG_COMPILER_APPICON_NAME = AppIcon;
				DEVELOPMENT_TEAM = GTRH44MEP9;
				INFOPLIST_FILE = RuntimeAOP/Info.plist;
				LD_RUNPATH_SEARCH_PATHS = "$(inherited) @executable_path/Frameworks";
				PRODUCT_BUNDLE_IDENTIFIER = com.SmartCloud.RuntimeAOP;
				PRODUCT_NAME = "$(TARGET_NAME)";
				SWIFT_VERSION = 3.0;
			};
			name = Release;
		};
/* End XCBuildConfiguration section */

/* Begin XCConfigurationList section */
		DD0140181F4D1B5B00D2A11E /* Build configuration list for PBXProject "RuntimeAOP" */ = {
			isa = XCConfigurationList;
			buildConfigurations = (
				DD01402D1F4D1B5B00D2A11E /* Debug */,
				DD01402E1F4D1B5B00D2A11E /* Release */,
			);
			defaultConfigurationIsVisible = 0;
			defaultConfigurationName = Release;
		};
		DD01402F1F4D1B5B00D2A11E /* Build configuration list for PBXNativeTarget "RuntimeAOP" */ = {
			isa = XCConfigurationList;
			buildConfigurations = (
				DD0140301F4D1B5B00D2A11E /* Debug */,
				DD0140311F4D1B5B00D2A11E /* Release */,
			);
			defaultConfigurationIsVisible = 0;
		};
/* End XCConfigurationList section */
	};
	rootObject = DD0140151F4D1B5B00D2A11E /* Project object */;
}
